
Microsoft Visual Studio Solution File, Format Version 12.00
# Visual Studio Version 17
VisualStudioVersion = 17.3.32825.248
MinimumVisualStudioVersion = 10.0.40219.1
Project("{FAE04EC0-301F-11D3-BF4B-00C04F79EFBC}") = "lista2erx11", "lista2erx11\lista2erx11.csproj", "{B8C82D96-18E5-4A77-ACC5-B3B893A3C875}"
EndProject
Global
	GlobalSection(SolutionConfigurationPlatforms) = preSolution
		Debug|Any CPU = Debug|Any CPU
		Release|Any CPU = Release|Any CPU
	EndGlobalSection
	GlobalSection(ProjectConfigurationPlatforms) = postSolution
		{B8C82D96-18E5-4A77-ACC5-B3B893A3C875}.Debug|Any CPU.ActiveCfg = Debug|Any CPU
		{B8C82D96-18E5-4A77-ACC5-B3B893A3C875}.Debug|Any CPU.Build.0 = Debug|Any CPU
		{B8C82D96-18E5-4A77-ACC5-B3B893A3C875}.Release|Any CPU.ActiveCfg = Release|Any CPU
		{B8C82D96-18E5-4A77-ACC5-B3B893A3C875}.Release|Any CPU.Build.0 = Release|Any CPU
	EndGlobalSection
	GlobalSection(SolutionProperties) = preSolution
		HideSolutionNode = FALSE
	EndGlobalSection
	GlobalSection(ExtensibilityGlobals) = postSolution
		SolutionGuid = {FE26E52D-10A0-4A8D-B6AA-FF9D9273C5FE}
	EndGlobalSection
EndGlobal
